
Microsoft Visual Studio Solution File, Format Version 12.00
# Visual Studio 15
VisualStudioVersion = 15.0.27004.2009
MinimumVisualStudioVersion = 10.0.40219.1
Project("{9A19103F-16F7-4668-BE54-9A1E7A4F7556}") = "MetaWear", "MetaWear\MetaWear.csproj", "{1E16EC87-D000-490F-BAFF-9BC0975406E7}"
EndProject
Project("{9A19103F-16F7-4668-BE54-9A1E7A4F7556}") = "MetaWear.Test", "MetaWear.Test\MetaWear.Test.csproj", "{027A7209-596D-4160-B71C-7731ECA22B3E}"
EndProject
Global
	GlobalSection(SolutionConfigurationPlatforms) = preSolution
		Debug|Any CPU = Debug|Any CPU
		Debug|ARM = Debug|ARM
		Debug|x64 = Debug|x64
		Debug|x86 = Debug|x86
		Release|Any CPU = Release|Any CPU
		Release|ARM = Release|ARM
		Release|x64 = Release|x64
		Release|x86 = Release|x86
	EndGlobalSection
	GlobalSection(ProjectConfigurationPlatforms) = postSolution
		{1E16EC87-D000-490F-BAFF-9BC0975406E7}.Debug|Any CPU.ActiveCfg = Debug|Any CPU
		{1E16EC87-D000-490F-BAFF-9BC0975406E7}.Debug|Any CPU.Build.0 = Debug|Any CPU
		{1E16EC87-D000-490F-BAFF-9BC0975406E7}.Debug|ARM.ActiveCfg = Debug|Any CPU
		{1E16EC87-D000-490F-BAFF-9BC0975406E7}.Debug|ARM.Build.0 = Debug|Any CPU
		{1E16EC87-D000-490F-BAFF-9BC0975406E7}.Debug|x64.ActiveCfg = Debug|Any CPU
		{1E16EC87-D000-490F-BAFF-9BC0975406E7}.Debug|x64.Build.0 = Debug|Any CPU
		{1E16EC87-D000-490F-BAFF-9BC0975406E7}.Debug|x86.ActiveCfg = Debug|Any CPU
		{1E16EC87-D000-490F-BAFF-9BC0975406E7}.Debug|x86.Build.0 = Debug|Any CPU
		{1E16EC87-D000-490F-BAFF-9BC0975406E7}.Release|Any CPU.ActiveCfg = Release|Any CPU
		{1E16EC87-D000-490F-BAFF-9BC0975406E7}.Release|Any CPU.Build.0 = Release|Any CPU
		{1E16EC87-D000-490F-BAFF-9BC0975406E7}.Release|ARM.ActiveCfg = Release|Any CPU
		{1E16EC87-D000-490F-BAFF-9BC0975406E7}.Release|ARM.Build.0 = Release|Any CPU
		{1E16EC87-D000-490F-BAFF-9BC0975406E7}.Release|x64.ActiveCfg = Release|Any CPU
		{1E16EC87-D000-490F-BAFF-9BC0975406E7}.Release|x64.Build.0 = Release|Any CPU
		{1E16EC87-D000-490F-BAFF-9BC0975406E7}.Release|x86.ActiveCfg = Release|Any CPU
		{1E16EC87-D000-490F-BAFF-9BC0975406E7}.Release|x86.Build.0 = Release|Any CPU
		{027A7209-596D-4160-B71C-7731ECA22B3E}.Debug|Any CPU.ActiveCfg = Debug|Any CPU
		{027A7209-596D-4160-B71C-7731ECA22B3E}.Debug|Any CPU.Build.0 = Debug|Any CPU
		{027A7209-596D-4160-B71C-7731ECA22B3E}.Debug|ARM.ActiveCfg = Debug|Any CPU
		{027A7209-596D-4160-B71C-7731ECA22B3E}.Debug|ARM.Build.0 = Debug|Any CPU
		{027A7209-596D-4160-B71C-7731ECA22B3E}.Debug|x64.ActiveCfg = Debug|Any CPU
		{027A7209-596D-4160-B71C-7731ECA22B3E}.Debug|x64.Build.0 = Debug|Any CPU
		{027A7209-596D-4160-B71C-7731ECA22B3E}.Debug|x86.ActiveCfg = Debug|Any CPU
		{027A7209-596D-4160-B71C-7731ECA22B3E}.Debug|x86.Build.0 = Debug|Any CPU
		{027A7209-596D-4160-B71C-7731ECA22B3E}.Release|Any CPU.ActiveCfg = Release|Any CPU
		{027A7209-596D-4160-B71C-7731ECA22B3E}.Release|Any CPU.Build.0 = Release|Any CPU
		{027A7209-596D-4160-B71C-7731ECA22B3E}.Release|ARM.ActiveCfg = Release|Any CPU
		{027A7209-596D-4160-B71C-7731ECA22B3E}.Release|ARM.Build.0 = Release|Any CPU
		{027A7209-596D-4160-B71C-7731ECA22B3E}.Release|x64.ActiveCfg = Release|Any CPU
		{027A7209-596D-4160-B71C-7731ECA22B3E}.Release|x64.Build.0 = Release|Any CPU
		{027A7209-596D-4160-B71C-7731ECA22B3E}.Release|x86.ActiveCfg = Release|Any CPU
		{027A7209-596D-4160-B71C-7731ECA22B3E}.Release|x86.Build.0 = Release|Any CPU
	EndGlobalSection
	GlobalSection(SolutionProperties) = preSolution
		HideSolutionNode = FALSE
	EndGlobalSection
	GlobalSection(ExtensibilityGlobals) = postSolution
		SolutionGuid = {D6468787-33CB-4041-A000-7D7BAB3E8700}
	EndGlobalSection
EndGlobal
